// !$*UTF8*$!
{
	archiveVersion = 1;
	classes = {
	};
	objectVersion = 55;
	objects = {

/* Begin PBXBuildFile section */
		6A3367652738AE5000825664 /* Pet_FeederApp.swift in Sources */ = {isa = PBXBuildFile; fileRef = 6A3367642738AE5000825664 /* Pet_FeederApp.swift */; };
		6A3367672738AE5000825664 /* ContentView.swift in Sources */ = {isa = PBXBuildFile; fileRef = 6A3367662738AE5000825664 /* ContentView.swift */; };
		6A3367692738AE5700825664 /* Assets.xcassets in Resources */ = {isa = PBXBuildFile; fileRef = 6A3367682738AE5700825664 /* Assets.xcassets */; };
		6A33676C2738AE5700825664 /* Preview Assets.xcassets in Resources */ = {isa = PBXBuildFile; fileRef = 6A33676B2738AE5700825664 /* Preview Assets.xcassets */; };
		6A3367762738AE5700825664 /* Pet_FeederTests.swift in Sources */ = {isa = PBXBuildFile; fileRef = 6A3367752738AE5700825664 /* Pet_FeederTests.swift */; };
		6A3367802738AE5800825664 /* Pet_FeederUITests.swift in Sources */ = {isa = PBXBuildFile; fileRef = 6A33677F2738AE5800825664 /* Pet_FeederUITests.swift */; };
		6A3367822738AE5800825664 /* Pet_FeederUITestsLaunchTests.swift in Sources */ = {isa = PBXBuildFile; fileRef = 6A3367812738AE5800825664 /* Pet_FeederUITestsLaunchTests.swift */; };
		6A33678F2738B0EF00825664 /* Food.swift in Sources */ = {isa = PBXBuildFile; fileRef = 6A33678E2738B0EF00825664 /* Food.swift */; };
		6A3367912738B79000825664 /* SettingView.swift in Sources */ = {isa = PBXBuildFile; fileRef = 6A3367902738B79000825664 /* SettingView.swift */; };
		6A3367932738E2BE00825664 /* ActivityView.swift in Sources */ = {isa = PBXBuildFile; fileRef = 6A3367922738E2BE00825664 /* ActivityView.swift */; };
/* End PBXBuildFile section */

/* Begin PBXContainerItemProxy section */
		6A3367722738AE5700825664 /* PBXContainerItemProxy */ = {
			isa = PBXContainerItemProxy;
			containerPortal = 6A3367592738AE5000825664 /* Project object */;
			proxyType = 1;
			remoteGlobalIDString = 6A3367602738AE5000825664;
			remoteInfo = Pet_Feeder;
		};
		6A33677C2738AE5800825664 /* PBXContainerItemProxy */ = {
			isa = PBXContainerItemProxy;
			containerPortal = 6A3367592738AE5000825664 /* Project object */;
			proxyType = 1;
			remoteGlobalIDString = 6A3367602738AE5000825664;
			remoteInfo = Pet_Feeder;
		};
/* End PBXContainerItemProxy section */

/* Begin PBXFileReference section */
		6A3367612738AE5000825664 /* Pet_Feeder.app */ = {isa = PBXFileReference; explicitFileType = wrapper.application; includeInIndex = 0; path = Pet_Feeder.app; sourceTree = BUILT_PRODUCTS_DIR; };
		6A3367642738AE5000825664 /* Pet_FeederApp.swift */ = {isa = PBXFileReference; lastKnownFileType = sourcecode.swift; path = Pet_FeederApp.swift; sourceTree = "<group>"; };
		6A3367662738AE5000825664 /* ContentView.swift */ = {isa = PBXFileReference; lastKnownFileType = sourcecode.swift; path = ContentView.swift; sourceTree = "<group>"; };
		6A3367682738AE5700825664 /* Assets.xcassets */ = {isa = PBXFileReference; lastKnownFileType = folder.assetcatalog; path = Assets.xcassets; sourceTree = "<group>"; };
		6A33676B2738AE5700825664 /* Preview Assets.xcassets */ = {isa = PBXFileReference; lastKnownFileType = folder.assetcatalog; path = "Preview Assets.xcassets"; sourceTree = "<group>"; };
		6A3367712738AE5700825664 /* Pet_FeederTests.xctest */ = {isa = PBXFileReference; explicitFileType = wrapper.cfbundle; includeInIndex = 0; path = Pet_FeederTests.xctest; sourceTree = BUILT_PRODUCTS_DIR; };
		6A3367752738AE5700825664 /* Pet_FeederTests.swift */ = {isa = PBXFileReference; lastKnownFileType = sourcecode.swift; path = Pet_FeederTests.swift; sourceTree = "<group>"; };
		6A33677B2738AE5800825664 /* Pet_FeederUITests.xctest */ = {isa = PBXFileReference; explicitFileType = wrapper.cfbundle; includeInIndex = 0; path = Pet_FeederUITests.xctest; sourceTree = BUILT_PRODUCTS_DIR; };
		6A33677F2738AE5800825664 /* Pet_FeederUITests.swift */ = {isa = PBXFileReference; lastKnownFileType = sourcecode.swift; path = Pet_FeederUITests.swift; sourceTree = "<group>"; };
		6A3367812738AE5800825664 /* Pet_FeederUITestsLaunchTests.swift */ = {isa = PBXFileReference; lastKnownFileType = sourcecode.swift; path = Pet_FeederUITestsLaunchTests.swift; sourceTree = "<group>"; };
		6A33678E2738B0EF00825664 /* Food.swift */ = {isa = PBXFileReference; lastKnownFileType = sourcecode.swift; path = Food.swift; sourceTree = "<group>"; };
		6A3367902738B79000825664 /* SettingView.swift */ = {isa = PBXFileReference; lastKnownFileType = sourcecode.swift; path = SettingView.swift; sourceTree = "<group>"; };
		6A3367922738E2BE00825664 /* ActivityView.swift */ = {isa = PBXFileReference; lastKnownFileType = sourcecode.swift; path = ActivityView.swift; sourceTree = "<group>"; };
/* End PBXFileReference section */

/* Begin PBXFrameworksBuildPhase section */
		6A33675E2738AE5000825664 /* Frameworks */ = {
			isa = PBXFrameworksBuildPhase;
			buildActionMask = 2147483647;
			files = (
			);
			runOnlyForDeploymentPostprocessing = 0;
		};
		6A33676E2738AE5700825664 /* Frameworks */ = {
			isa = PBXFrameworksBuildPhase;
			buildActionMask = 2147483647;
			files = (
			);
			runOnlyForDeploymentPostprocessing = 0;
		};
		6A3367782738AE5800825664 /* Frameworks */ = {
			isa = PBXFrameworksBuildPhase;
			buildActionMask = 2147483647;
			files = (
			);
			runOnlyForDeploymentPostprocessing = 0;
		};
/* End PBXFrameworksBuildPhase section */

/* Begin PBXGroup section */
		6A3367582738AE5000825664 = {
			isa = PBXGroup;
			children = (
				6A3367632738AE5000825664 /* Pet_Feeder */,
				6A3367742738AE5700825664 /* Pet_FeederTests */,
				6A33677E2738AE5800825664 /* Pet_FeederUITests */,
				6A3367622738AE5000825664 /* Products */,
			);
			sourceTree = "<group>";
		};
		6A3367622738AE5000825664 /* Products */ = {
			isa = PBXGroup;
			children = (
				6A3367612738AE5000825664 /* Pet_Feeder.app */,
				6A3367712738AE5700825664 /* Pet_FeederTests.xctest */,
				6A33677B2738AE5800825664 /* Pet_FeederUITests.xctest */,
			);
			name = Products;
			sourceTree = "<group>";
		};
		6A3367632738AE5000825664 /* Pet_Feeder */ = {
			isa = PBXGroup;
			children = (
				6A3367642738AE5000825664 /* Pet_FeederApp.swift */,
				6A3367662738AE5000825664 /* ContentView.swift */,
				6A3367902738B79000825664 /* SettingView.swift */,
				6A3367922738E2BE00825664 /* ActivityView.swift */,
				6A33678E2738B0EF00825664 /* Food.swift */,
				6A3367682738AE5700825664 /* Assets.xcassets */,
				6A33676A2738AE5700825664 /* Preview Content */,
			);
			path = Pet_Feeder;
			sourceTree = "<group>";
		};
		6A33676A2738AE5700825664 /* Preview Content */ = {
			isa = PBXGroup;
			children = (
				6A33676B2738AE5700825664 /* Preview Assets.xcassets */,
			);
			path = "Preview Content";
			sourceTree = "<group>";
		};
		6A3367742738AE5700825664 /* Pet_FeederTests */ = {
			isa = PBXGroup;
			children = (
				6A3367752738AE5700825664 /* Pet_FeederTests.swift */,
			);
			path = Pet_FeederTests;
			sourceTree = "<group>";
		};
		6A33677E2738AE5800825664 /* Pet_FeederUITests */ = {
			isa = PBXGroup;
			children = (
				6A33677F2738AE5800825664 /* Pet_FeederUITests.swift */,
				6A3367812738AE5800825664 /* Pet_FeederUITestsLaunchTests.swift */,
			);
			path = Pet_FeederUITests;
			sourceTree = "<group>";
		};
/* End PBXGroup section */

/* Begin PBXNativeTarget section */
		6A3367602738AE5000825664 /* Pet_Feeder */ = {
			isa = PBXNativeTarget;
			buildConfigurationList = 6A3367852738AE5800825664 /* Build configuration list for PBXNativeTarget "Pet_Feeder" */;
			buildPhases = (
				6A33675D2738AE5000825664 /* Sources */,
				6A33675E2738AE5000825664 /* Frameworks */,
				6A33675F2738AE5000825664 /* Resources */,
			);
			buildRules = (
			);
			dependencies = (
			);
			name = Pet_Feeder;
			productName = Pet_Feeder;
			productReference = 6A3367612738AE5000825664 /* Pet_Feeder.app */;
			productType = "com.apple.product-type.application";
		};
		6A3367702738AE5700825664 /* Pet_FeederTests */ = {
			isa = PBXNativeTarget;
			buildConfigurationList = 6A3367882738AE5800825664 /* Build configuration list for PBXNativeTarget "Pet_FeederTests" */;
			buildPhases = (
				6A33676D2738AE5700825664 /* Sources */,
				6A33676E2738AE5700825664 /* Frameworks */,
				6A33676F2738AE5700825664 /* Resources */,
			);
			buildRules = (
			);
			dependencies = (
				6A3367732738AE5700825664 /* PBXTargetDependency */,
			);
			name = Pet_FeederTests;
			productName = Pet_FeederTests;
			productReference = 6A3367712738AE5700825664 /* Pet_FeederTests.xctest */;
			productType = "com.apple.product-type.bundle.unit-test";
		};
		6A33677A2738AE5800825664 /* Pet_FeederUITests */ = {
			isa = PBXNativeTarget;
			buildConfigurationList = 6A33678B2738AE5800825664 /* Build configuration list for PBXNativeTarget "Pet_FeederUITests" */;
			buildPhases = (
				6A3367772738AE5800825664 /* Sources */,
				6A3367782738AE5800825664 /* Frameworks */,
				6A3367792738AE5800825664 /* Resources */,
			);
			buildRules = (
			);
			dependencies = (
				6A33677D2738AE5800825664 /* PBXTargetDependency */,
			);
			name = Pet_FeederUITests;
			productName = Pet_FeederUITests;
			productReference = 6A33677B2738AE5800825664 /* Pet_FeederUITests.xctest */;
			productType = "com.apple.product-type.bundle.ui-testing";
		};
/* End PBXNativeTarget section */

/* Begin PBXProject section */
		6A3367592738AE5000825664 /* Project object */ = {
			isa = PBXProject;
			attributes = {
				BuildIndependentTargetsInParallel = 1;
				LastSwiftUpdateCheck = 1310;
				LastUpgradeCheck = 1310;
				TargetAttributes = {
					6A3367602738AE5000825664 = {
						CreatedOnToolsVersion = 13.1;
					};
					6A3367702738AE5700825664 = {
						CreatedOnToolsVersion = 13.1;
						TestTargetID = 6A3367602738AE5000825664;
					};
					6A33677A2738AE5800825664 = {
						CreatedOnToolsVersion = 13.1;
						TestTargetID = 6A3367602738AE5000825664;
					};
				};
			};
			buildConfigurationList = 6A33675C2738AE5000825664 /* Build configuration list for PBXProject "Pet_Feeder" */;
			compatibilityVersion = "Xcode 13.0";
			developmentRegion = en;
			hasScannedForEncodings = 0;
			knownRegions = (
				en,
				Base,
			);
			mainGroup = 6A3367582738AE5000825664;
			productRefGroup = 6A3367622738AE5000825664 /* Products */;
			projectDirPath = "";
			projectRoot = "";
			targets = (
				6A3367602738AE5000825664 /* Pet_Feeder */,
				6A3367702738AE5700825664 /* Pet_FeederTests */,
				6A33677A2738AE5800825664 /* Pet_FeederUITests */,
			);
		};
/* End PBXProject section */

/* Begin PBXResourcesBuildPhase section */
		6A33675F2738AE5000825664 /* Resources */ = {
			isa = PBXResourcesBuildPhase;
			buildActionMask = 2147483647;
			files = (
				6A33676C2738AE5700825664 /* Preview Assets.xcassets in Resources */,
				6A3367692738AE5700825664 /* Assets.xcassets in Resources */,
			);
			runOnlyForDeploymentPostprocessing = 0;
		};
		6A33676F2738AE5700825664 /* Resources */ = {
			isa = PBXResourcesBuildPhase;
			buildActionMask = 2147483647;
			files = (
			);
			runOnlyForDeploymentPostprocessing = 0;
		};
		6A3367792738AE5800825664 /* Resources */ = {
			isa = PBXResourcesBuildPhase;
			buildActionMask = 2147483647;
			files = (
			);
			runOnlyForDeploymentPostprocessing = 0;
		};
/* End PBXResourcesBuildPhase section */

/* Begin PBXSourcesBuildPhase section */
		6A33675D2738AE5000825664 /* Sources */ = {
			isa = PBXSourcesBuildPhase;
			buildActionMask = 2147483647;
			files = (
				6A3367672738AE5000825664 /* ContentView.swift in Sources */,
				6A3367912738B79000825664 /* SettingView.swift in Sources */,
				6A3367652738AE5000825664 /* Pet_FeederApp.swift in Sources */,
				6A3367932738E2BE00825664 /* ActivityView.swift in Sources */,
				6A33678F2738B0EF00825664 /* Food.swift in Sources */,
			);
			runOnlyForDeploymentPostprocessing = 0;
		};
		6A33676D2738AE5700825664 /* Sources */ = {
			isa = PBXSourcesBuildPhase;
			buildActionMask = 2147483647;
			files = (
				6A3367762738AE5700825664 /* Pet_FeederTests.swift in Sources */,
			);
			runOnlyForDeploymentPostprocessing = 0;
		};
		6A3367772738AE5800825664 /* Sources */ = {
			isa = PBXSourcesBuildPhase;
			buildActionMask = 2147483647;
			files = (
				6A3367802738AE5800825664 /* Pet_FeederUITests.swift in Sources */,
				6A3367822738AE5800825664 /* Pet_FeederUITestsLaunchTests.swift in Sources */,
			);
			runOnlyForDeploymentPostprocessing = 0;
		};
/* End PBXSourcesBuildPhase section */

/* Begin PBXTargetDependency section */
		6A3367732738AE5700825664 /* PBXTargetDependency */ = {
			isa = PBXTargetDependency;
			target = 6A3367602738AE5000825664 /* Pet_Feeder */;
			targetProxy = 6A3367722738AE5700825664 /* PBXContainerItemProxy */;
		};
		6A33677D2738AE5800825664 /* PBXTargetDependency */ = {
			isa = PBXTargetDependency;
			target = 6A3367602738AE5000825664 /* Pet_Feeder */;
			targetProxy = 6A33677C2738AE5800825664 /* PBXContainerItemProxy */;
		};
/* End PBXTargetDependency section */

/* Begin XCBuildConfiguration section */
		6A3367832738AE5800825664 /* Debug */ = {
			isa = XCBuildConfiguration;
			buildSettings = {
				ALWAYS_SEARCH_USER_PATHS = NO;
				CLANG_ANALYZER_NONNULL = YES;
				CLANG_ANALYZER_NUMBER_OBJECT_CONVERSION = YES_AGGRESSIVE;
				CLANG_CXX_LANGUAGE_STANDARD = "gnu++17";
				CLANG_CXX_LIBRARY = "libc++";
				CLANG_ENABLE_MODULES = YES;
				CLANG_ENABLE_OBJC_ARC = YES;
				CLANG_ENABLE_OBJC_WEAK = YES;
				CLANG_WARN_BLOCK_CAPTURE_AUTORELEASING = YES;
				CLANG_WARN_BOOL_CONVERSION = YES;
				CLANG_WARN_COMMA = YES;
				CLANG_WARN_CONSTANT_CONVERSION = YES;
				CLANG_WARN_DEPRECATED_OBJC_IMPLEMENTATIONS = YES;
				CLANG_WARN_DIRECT_OBJC_ISA_USAGE = YES_ERROR;
				CLANG_WARN_DOCUMENTATION_COMMENTS = YES;
				CLANG_WARN_EMPTY_BODY = YES;
				CLANG_WARN_ENUM_CONVERSION = YES;
				CLANG_WARN_INFINITE_RECURSION = YES;
				CLANG_WARN_INT_CONVERSION = YES;
				CLANG_WARN_NON_LITERAL_NULL_CONVERSION = YES;
				CLANG_WARN_OBJC_IMPLICIT_RETAIN_SELF = YES;
				CLANG_WARN_OBJC_LITERAL_CONVERSION = YES;
				CLANG_WARN_OBJC_ROOT_CLASS = YES_ERROR;
				CLANG_WARN_QUOTED_INCLUDE_IN_FRAMEWORK_HEADER = YES;
				CLANG_WARN_RANGE_LOOP_ANALYSIS = YES;
				CLANG_WARN_STRICT_PROTOTYPES = YES;
				CLANG_WARN_SUSPICIOUS_MOVE = YES;
				CLANG_WARN_UNGUARDED_AVAILABILITY = YES_AGGRESSIVE;
				CLANG_WARN_UNREACHABLE_CODE = YES;
				CLANG_WARN__DUPLICATE_METHOD_MATCH = YES;
				COPY_PHASE_STRIP = NO;
				DEBUG_INFORMATION_FORMAT = dwarf;
				ENABLE_STRICT_OBJC_MSGSEND = YES;
				ENABLE_TESTABILITY = YES;
				GCC_C_LANGUAGE_STANDARD = gnu11;
				GCC_DYNAMIC_NO_PIC = NO;
				GCC_NO_COMMON_BLOCKS = YES;
				GCC_OPTIMIZATION_LEVEL = 0;
				GCC_PREPROCESSOR_DEFINITIONS = (
					"DEBUG=1",
					"$(inherited)",
				);
				GCC_WARN_64_TO_32_BIT_CONVERSION = YES;
				GCC_WARN_ABOUT_RETURN_TYPE = YES_ERROR;
				GCC_WARN_UNDECLARED_SELECTOR = YES;
				GCC_WARN_UNINITIALIZED_AUTOS = YES_AGGRESSIVE;
				GCC_WARN_UNUSED_FUNCTION = YES;
				GCC_WARN_UNUSED_VARIABLE = YES;
				IPHONEOS_DEPLOYMENT_TARGET = 15.0;
				MTL_ENABLE_DEBUG_INFO = INCLUDE_SOURCE;
				MTL_FAST_MATH = YES;
				ONLY_ACTIVE_ARCH = YES;
				SDKROOT = iphoneos;
				SWIFT_ACTIVE_COMPILATION_CONDITIONS = DEBUG;
				SWIFT_OPTIMIZATION_LEVEL = "-Onone";
			};
			name = Debug;
		};
		6A3367842738AE5800825664 /* Release */ = {
			isa = XCBuildConfiguration;
			buildSettings = {
				ALWAYS_SEARCH_USER_PATHS = NO;
				CLANG_ANALYZER_NONNULL = YES;
				CLANG_ANALYZER_NUMBER_OBJECT_CONVERSION = YES_AGGRESSIVE;
				CLANG_CXX_LANGUAGE_STANDARD = "gnu++17";
				CLANG_CXX_LIBRARY = "libc++";
				CLANG_ENABLE_MODULES = YES;
				CLANG_ENABLE_OBJC_ARC = YES;
				CLANG_ENABLE_OBJC_WEAK = YES;
				CLANG_WARN_BLOCK_CAPTURE_AUTORELEASING = YES;
				CLANG_WARN_BOOL_CONVERSION = YES;
				CLANG_WARN_COMMA = YES;
				CLANG_WARN_CONSTANT_CONVERSION = YES;
				CLANG_WARN_DEPRECATED_OBJC_IMPLEMENTATIONS = YES;
				CLANG_WARN_DIRECT_OBJC_ISA_USAGE = YES_ERROR;
				CLANG_WARN_DOCUMENTATION_COMMENTS = YES;
				CLANG_WARN_EMPTY_BODY = YES;
				CLANG_WARN_ENUM_CONVERSION = YES;
				CLANG_WARN_INFINITE_RECURSION = YES;
				CLANG_WARN_INT_CONVERSION = YES;
				CLANG_WARN_NON_LITERAL_NULL_CONVERSION = YES;
				CLANG_WARN_OBJC_IMPLICIT_RETAIN_SELF = YES;
				CLANG_WARN_OBJC_LITERAL_CONVERSION = YES;
				CLANG_WARN_OBJC_ROOT_CLASS = YES_ERROR;
				CLANG_WARN_QUOTED_INCLUDE_IN_FRAMEWORK_HEADER = YES;
				CLANG_WARN_RANGE_LOOP_ANALYSIS = YES;
				CLANG_WARN_STRICT_PROTOTYPES = YES;
				CLANG_WARN_SUSPICIOUS_MOVE = YES;
				CLANG_WARN_UNGUARDED_AVAILABILITY = YES_AGGRESSIVE;
				CLANG_WARN_UNREACHABLE_CODE = YES;
				CLANG_WARN__DUPLICATE_METHOD_MATCH = YES;
				COPY_PHASE_STRIP = NO;
				DEBUG_INFORMATION_FORMAT = "dwarf-with-dsym";
				ENABLE_NS_ASSERTIONS = NO;
				ENABLE_STRICT_OBJC_MSGSEND = YES;
				GCC_C_LANGUAGE_STANDARD = gnu11;
				GCC_NO_COMMON_BLOCKS = YES;
				GCC_WARN_64_TO_32_BIT_CONVERSION = YES;
				GCC_WARN_ABOUT_RETURN_TYPE = YES_ERROR;
				GCC_WARN_UNDECLARED_SELECTOR = YES;
				GCC_WARN_UNINITIALIZED_AUTOS = YES_AGGRESSIVE;
				GCC_WARN_UNUSED_FUNCTION = YES;
				GCC_WARN_UNUSED_VARIABLE = YES;
				IPHONEOS_DEPLOYMENT_TARGET = 15.0;
				MTL_ENABLE_DEBUG_INFO = NO;
				MTL_FAST_MATH = YES;
				SDKROOT = iphoneos;
				SWIFT_COMPILATION_MODE = wholemodule;
				SWIFT_OPTIMIZATION_LEVEL = "-O";
				VALIDATE_PRODUCT = YES;
			};
			name = Release;
		};
		6A3367862738AE5800825664 /* Debug */ = {
			isa = XCBuildConfiguration;
			buildSettings = {
				ASSETCATALOG_COMPILER_APPICON_NAME = AppIcon;
				ASSETCATALOG_COMPILER_GLOBAL_ACCENT_COLOR_NAME = AccentColor;
				CODE_SIGN_STYLE = Automatic;
				CURRENT_PROJECT_VERSION = 1;
				DEVELOPMENT_ASSET_PATHS = "\"Pet_Feeder/Preview Content\"";
				DEVELOPMENT_TEAM = F77B4G8CJN;
				ENABLE_PREVIEWS = YES;
				GENERATE_INFOPLIST_FILE = YES;
				INFOPLIST_KEY_UIApplicationSceneManifest_Generation = YES;
				INFOPLIST_KEY_UIApplicationSupportsIndirectInputEvents = YES;
				INFOPLIST_KEY_UILaunchScreen_Generation = YES;
				INFOPLIST_KEY_UISupportedInterfaceOrientations_iPad = "UIInterfaceOrientationPortrait UIInterfaceOrientationPortraitUpsideDown UIInterfaceOrientationLandscapeLeft UIInterfaceOrientationLandscapeRight";
				INFOPLIST_KEY_UISupportedInterfaceOrientations_iPhone = "UIInterfaceOrientationPortrait UIInterfaceOrientationLandscapeLeft UIInterfaceOrientationLandscapeRight";
				IPHONEOS_DEPLOYMENT_TARGET = 14.7;
				LD_RUNPATH_SEARCH_PATHS = (
					"$(inherited)",
					"@executable_path/Frameworks",
				);
				MARKETING_VERSION = 1.0;
				PRODUCT_BUNDLE_IDENTIFIER = "fall21ecem202a.Pet-Feeder";
				PRODUCT_NAME = "$(TARGET_NAME)";
				SWIFT_EMIT_LOC_STRINGS = YES;
				SWIFT_VERSION = 5.0;
				TARGETED_DEVICE_FAMILY = "1,2";
			};
			name = Debug;
		};
		6A3367872738AE5800825664 /* Release */ = {
			isa = XCBuildConfiguration;
			buildSettings = {
				ASSETCATALOG_COMPILER_APPICON_NAME = AppIcon;
				ASSETCATALOG_COMPILER_GLOBAL_ACCENT_COLOR_NAME = AccentColor;
				CODE_SIGN_STYLE = Automatic;
				CURRENT_PROJECT_VERSION = 1;
				DEVELOPMENT_ASSET_PATHS = "\"Pet_Feeder/Preview Content\"";
				DEVELOPMENT_TEAM = F77B4G8CJN;
				ENABLE_PREVIEWS = YES;
				GENERATE_INFOPLIST_FILE = YES;
				INFOPLIST_KEY_UIApplicationSceneManifest_Generation = YES;
				INFOPLIST_KEY_UIApplicationSupportsIndirectInputEvents = YES;
				INFOPLIST_KEY_UILaunchScreen_Generation = YES;
				INFOPLIST_KEY_UISupportedInterfaceOrientations_iPad = "UIInterfaceOrientationPortrait UIInterfaceOrientationPortraitUpsideDown UIInterfaceOrientationLandscapeLeft UIInterfaceOrientationLandscapeRight";
				INFOPLIST_KEY_UISupportedInterfaceOrientations_iPhone = "UIInterfaceOrientationPortrait UIInterfaceOrientationLandscapeLeft UIInterfaceOrientationLandscapeRight";
				IPHONEOS_DEPLOYMENT_TARGET = 14.7;
				LD_RUNPATH_SEARCH_PATHS = (
					"$(inherited)",
					"@executable_path/Frameworks",
				);
				MARKETING_VERSION = 1.0;
				PRODUCT_BUNDLE_IDENTIFIER = "fall21ecem202a.Pet-Feeder";
				PRODUCT_NAME = "$(TARGET_NAME)";
				SWIFT_EMIT_LOC_STRINGS = YES;
				SWIFT_VERSION = 5.0;
				TARGETED_DEVICE_FAMILY = "1,2";
			};
			name = Release;
		};
		6A3367892738AE5800825664 /* Debug */ = {
			isa = XCBuildConfiguration;
			buildSettings = {
				ALWAYS_EMBED_SWIFT_STANDARD_LIBRARIES = YES;
				BUNDLE_LOADER = "$(TEST_HOST)";
				CODE_SIGN_STYLE = Automatic;
				CURRENT_PROJECT_VERSION = 1;
				DEVELOPMENT_TEAM = F77B4G8CJN;
				GENERATE_INFOPLIST_FILE = YES;
				IPHONEOS_DEPLOYMENT_TARGET = 15.0;
				LD_RUNPATH_SEARCH_PATHS = (
					"$(inherited)",
					"@executable_path/Frameworks",
					"@loader_path/Frameworks",
				);
				MARKETING_VERSION = 1.0;
				PRODUCT_BUNDLE_IDENTIFIER = "fall21ecem202a.Pet-FeederTests";
				PRODUCT_NAME = "$(TARGET_NAME)";
				SWIFT_EMIT_LOC_STRINGS = NO;
				SWIFT_VERSION = 5.0;
				TARGETED_DEVICE_FAMILY = "1,2";
				TEST_HOST = "$(BUILT_PRODUCTS_DIR)/Pet_Feeder.app/Pet_Feeder";
			};
			name = Debug;
		};
		6A33678A2738AE5800825664 /* Release */ = {
			isa = XCBuildConfiguration;
			buildSettings = {
				ALWAYS_EMBED_SWIFT_STANDARD_LIBRARIES = YES;
				BUNDLE_LOADER = "$(TEST_HOST)";
				CODE_SIGN_STYLE = Automatic;
				CURRENT_PROJECT_VERSION = 1;
				DEVELOPMENT_TEAM = F77B4G8CJN;
				GENERATE_INFOPLIST_FILE = YES;
				IPHONEOS_DEPLOYMENT_TARGET = 15.0;
				LD_RUNPATH_SEARCH_PATHS = (
					"$(inherited)",
					"@executable_path/Frameworks",
					"@loader_path/Frameworks",
				);
				MARKETING_VERSION = 1.0;
				PRODUCT_BUNDLE_IDENTIFIER = "fall21ecem202a.Pet-FeederTests";
				PRODUCT_NAME = "$(TARGET_NAME)";
				SWIFT_EMIT_LOC_STRINGS = NO;
				SWIFT_VERSION = 5.0;
				TARGETED_DEVICE_FAMILY = "1,2";
				TEST_HOST = "$(BUILT_PRODUCTS_DIR)/Pet_Feeder.app/Pet_Feeder";
			};
			name = Release;
		};
		6A33678C2738AE5800825664 /* Debug */ = {
			isa = XCBuildConfiguration;
			buildSettings = {
				ALWAYS_EMBED_SWIFT_STANDARD_LIBRARIES = YES;
				CODE_SIGN_STYLE = Automatic;
				CURRENT_PROJECT_VERSION = 1;
				DEVELOPMENT_TEAM = F77B4G8CJN;
				GENERATE_INFOPLIST_FILE = YES;
				LD_RUNPATH_SEARCH_PATHS = (
					"$(inherited)",
					"@executable_path/Frameworks",
					"@loader_path/Frameworks",
				);
				MARKETING_VERSION = 1.0;
				PRODUCT_BUNDLE_IDENTIFIER = "fall21ecem202a.Pet-FeederUITests";
				PRODUCT_NAME = "$(TARGET_NAME)";
				SWIFT_EMIT_LOC_STRINGS = NO;
				SWIFT_VERSION = 5.0;
				TARGETED_DEVICE_FAMILY = "1,2";
				TEST_TARGET_NAME = Pet_Feeder;
			};
			name = Debug;
		};
		6A33678D2738AE5800825664 /* Release */ = {
			isa = XCBuildConfiguration;
			buildSettings = {
				ALWAYS_EMBED_SWIFT_STANDARD_LIBRARIES = YES;
				CODE_SIGN_STYLE = Automatic;
				CURRENT_PROJECT_VERSION = 1;
				DEVELOPMENT_TEAM = F77B4G8CJN;
				GENERATE_INFOPLIST_FILE = YES;
				LD_RUNPATH_SEARCH_PATHS = (
					"$(inherited)",
					"@executable_path/Frameworks",
					"@loader_path/Frameworks",
				);
				MARKETING_VERSION = 1.0;
				PRODUCT_BUNDLE_IDENTIFIER = "fall21ecem202a.Pet-FeederUITests";
				PRODUCT_NAME = "$(TARGET_NAME)";
				SWIFT_EMIT_LOC_STRINGS = NO;
				SWIFT_VERSION = 5.0;
				TARGETED_DEVICE_FAMILY = "1,2";
				TEST_TARGET_NAME = Pet_Feeder;
			};
			name = Release;
		};
/* End XCBuildConfiguration section */

/* Begin XCConfigurationList section */
		6A33675C2738AE5000825664 /* Build configuration list for PBXProject "Pet_Feeder" */ = {
			isa = XCConfigurationList;
			buildConfigurations = (
				6A3367832738AE5800825664 /* Debug */,
				6A3367842738AE5800825664 /* Release */,
			);
			defaultConfigurationIsVisible = 0;
			defaultConfigurationName = Release;
		};
		6A3367852738AE5800825664 /* Build configuration list for PBXNativeTarget "Pet_Feeder" */ = {
			isa = XCConfigurationList;
			buildConfigurations = (
				6A3367862738AE5800825664 /* Debug */,
				6A3367872738AE5800825664 /* Release */,
			);
			defaultConfigurationIsVisible = 0;
			defaultConfigurationName = Release;
		};
		6A3367882738AE5800825664 /* Build configuration list for PBXNativeTarget "Pet_FeederTests" */ = {
			isa = XCConfigurationList;
			buildConfigurations = (
				6A3367892738AE5800825664 /* Debug */,
				6A33678A2738AE5800825664 /* Release */,
			);
			defaultConfigurationIsVisible = 0;
			defaultConfigurationName = Release;
		};
		6A33678B2738AE5800825664 /* Build configuration list for PBXNativeTarget "Pet_FeederUITests" */ = {
			isa = XCConfigurationList;
			buildConfigurations = (
				6A33678C2738AE5800825664 /* Debug */,
				6A33678D2738AE5800825664 /* Release */,
			);
			defaultConfigurationIsVisible = 0;
			defaultConfigurationName = Release;
		};
/* End XCConfigurationList section */
	};
	rootObject = 6A3367592738AE5000825664 /* Project object */;
}
